
Microsoft Visual Studio Solution File, Format Version 12.00
# Visual Studio Version 17
VisualStudioVersion = 17.14.36616.10 d17.14
MinimumVisualStudioVersion = 10.0.40219.1
Project("{FAE04EC0-301F-11D3-BF4B-00C04F79EFBC}") = "Sales.Shared", "Sales.Shared\Sales.Shared.csproj", "{4BC10E1B-5FE6-43D8-B5F8-6E56E2CD414B}"
EndProject
Project("{FAE04EC0-301F-11D3-BF4B-00C04F79EFBC}") = "Sales.API", "Sales.API\Sales.API.csproj", "{EFE78A80-8AFA-4130-85B6-CC3CD89287E5}"
EndProject
Project("{FAE04EC0-301F-11D3-BF4B-00C04F79EFBC}") = "Sales.WEB", "Sales.WEB\Sales.WEB.csproj", "{8AB9886C-6B40-4467-8BAD-F366F6CE0D92}"
EndProject
Project("{FAE04EC0-301F-11D3-BF4B-00C04F79EFBC}") = "Sales.Mobile", "Sales.Mobile\Sales.Mobile.csproj", "{A27BA5F8-B213-423A-A57A-3D218B02E93D}"
EndProject
Global
	GlobalSection(SolutionConfigurationPlatforms) = preSolution
		Debug|Any CPU = Debug|Any CPU
		Release|Any CPU = Release|Any CPU
	EndGlobalSection
	GlobalSection(ProjectConfigurationPlatforms) = postSolution
		{4BC10E1B-5FE6-43D8-B5F8-6E56E2CD414B}.Debug|Any CPU.ActiveCfg = Debug|Any CPU
		{4BC10E1B-5FE6-43D8-B5F8-6E56E2CD414B}.Debug|Any CPU.Build.0 = Debug|Any CPU
		{4BC10E1B-5FE6-43D8-B5F8-6E56E2CD414B}.Release|Any CPU.ActiveCfg = Release|Any CPU
		{4BC10E1B-5FE6-43D8-B5F8-6E56E2CD414B}.Release|Any CPU.Build.0 = Release|Any CPU
		{EFE78A80-8AFA-4130-85B6-CC3CD89287E5}.Debug|Any CPU.ActiveCfg = Debug|Any CPU
		{EFE78A80-8AFA-4130-85B6-CC3CD89287E5}.Debug|Any CPU.Build.0 = Debug|Any CPU
		{EFE78A80-8AFA-4130-85B6-CC3CD89287E5}.Release|Any CPU.ActiveCfg = Release|Any CPU
		{EFE78A80-8AFA-4130-85B6-CC3CD89287E5}.Release|Any CPU.Build.0 = Release|Any CPU
		{8AB9886C-6B40-4467-8BAD-F366F6CE0D92}.Debug|Any CPU.ActiveCfg = Debug|Any CPU
		{8AB9886C-6B40-4467-8BAD-F366F6CE0D92}.Debug|Any CPU.Build.0 = Debug|Any CPU
		{8AB9886C-6B40-4467-8BAD-F366F6CE0D92}.Release|Any CPU.ActiveCfg = Release|Any CPU
		{8AB9886C-6B40-4467-8BAD-F366F6CE0D92}.Release|Any CPU.Build.0 = Release|Any CPU
		{A27BA5F8-B213-423A-A57A-3D218B02E93D}.Debug|Any CPU.ActiveCfg = Debug|Any CPU
		{A27BA5F8-B213-423A-A57A-3D218B02E93D}.Debug|Any CPU.Build.0 = Debug|Any CPU
		{A27BA5F8-B213-423A-A57A-3D218B02E93D}.Debug|Any CPU.Deploy.0 = Debug|Any CPU
		{A27BA5F8-B213-423A-A57A-3D218B02E93D}.Release|Any CPU.ActiveCfg = Release|Any CPU
		{A27BA5F8-B213-423A-A57A-3D218B02E93D}.Release|Any CPU.Build.0 = Release|Any CPU
		{A27BA5F8-B213-423A-A57A-3D218B02E93D}.Release|Any CPU.Deploy.0 = Release|Any CPU
	EndGlobalSection
	GlobalSection(SolutionProperties) = preSolution
		HideSolutionNode = FALSE
	EndGlobalSection
	GlobalSection(ExtensibilityGlobals) = postSolution
		SolutionGuid = {CA808487-8DB1-4F3B-A25C-D8CFA2CE5B98}
	EndGlobalSection
EndGlobal
